
Microsoft Visual Studio Solution File, Format Version 12.00
# Visual Studio Version 17
VisualStudioVersion = 17.7.34018.315
MinimumVisualStudioVersion = 10.0.40219.1
Project("{9A19103F-16F7-4668-BE54-9A1E7A4F7556}") = "Shop", "Shop\Shop.csproj", "{AB314784-CD07-4942-ACA8-2CCA1F5A78F2}"
EndProject
Project("{9A19103F-16F7-4668-BE54-9A1E7A4F7556}") = "Shop.data", "Shop.data\Shop.data.csproj", "{3EDE6DB9-6A45-4670-90B9-D3CE9E1DC4A5}"
EndProject
Project("{9A19103F-16F7-4668-BE54-9A1E7A4F7556}") = "ShopCore", "ShopCore\ShopCore.csproj", "{2BFB8060-F57A-4CDB-B7DD-C298C8AA8ACD}"
EndProject
Project("{9A19103F-16F7-4668-BE54-9A1E7A4F7556}") = "Shop.ApplicationServices", "Shop.ApplicationServices\Shop.ApplicationServices.csproj", "{8A78A0F5-7D7F-4969-AA2A-681171E2F4A9}"
EndProject
Project("{9A19103F-16F7-4668-BE54-9A1E7A4F7556}") = "Shop.SpaceshipTest", "Shop.SpaceshipTest\Shop.SpaceshipTest.csproj", "{F4436AF2-2D2A-4044-A860-1AAC82186CF0}"
EndProject
Project("{9A19103F-16F7-4668-BE54-9A1E7A4F7556}") = "Shop.RealEstateTest", "Shop.RealEstateTest\Shop.RealEstateTest.csproj", "{31BDA6C2-425C-48CB-B67E-C83BD362B4CE}"
EndProject
Global
	GlobalSection(SolutionConfigurationPlatforms) = preSolution
		Debug|Any CPU = Debug|Any CPU
		Release|Any CPU = Release|Any CPU
	EndGlobalSection
	GlobalSection(ProjectConfigurationPlatforms) = postSolution
		{AB314784-CD07-4942-ACA8-2CCA1F5A78F2}.Debug|Any CPU.ActiveCfg = Debug|Any CPU
		{AB314784-CD07-4942-ACA8-2CCA1F5A78F2}.Debug|Any CPU.Build.0 = Debug|Any CPU
		{AB314784-CD07-4942-ACA8-2CCA1F5A78F2}.Release|Any CPU.ActiveCfg = Release|Any CPU
		{AB314784-CD07-4942-ACA8-2CCA1F5A78F2}.Release|Any CPU.Build.0 = Release|Any CPU
		{3EDE6DB9-6A45-4670-90B9-D3CE9E1DC4A5}.Debug|Any CPU.ActiveCfg = Debug|Any CPU
		{3EDE6DB9-6A45-4670-90B9-D3CE9E1DC4A5}.Debug|Any CPU.Build.0 = Debug|Any CPU
		{3EDE6DB9-6A45-4670-90B9-D3CE9E1DC4A5}.Release|Any CPU.ActiveCfg = Release|Any CPU
		{3EDE6DB9-6A45-4670-90B9-D3CE9E1DC4A5}.Release|Any CPU.Build.0 = Release|Any CPU
		{2BFB8060-F57A-4CDB-B7DD-C298C8AA8ACD}.Debug|Any CPU.ActiveCfg = Debug|Any CPU
		{2BFB8060-F57A-4CDB-B7DD-C298C8AA8ACD}.Debug|Any CPU.Build.0 = Debug|Any CPU
		{2BFB8060-F57A-4CDB-B7DD-C298C8AA8ACD}.Release|Any CPU.ActiveCfg = Release|Any CPU
		{2BFB8060-F57A-4CDB-B7DD-C298C8AA8ACD}.Release|Any CPU.Build.0 = Release|Any CPU
		{8A78A0F5-7D7F-4969-AA2A-681171E2F4A9}.Debug|Any CPU.ActiveCfg = Debug|Any CPU
		{8A78A0F5-7D7F-4969-AA2A-681171E2F4A9}.Debug|Any CPU.Build.0 = Debug|Any CPU
		{8A78A0F5-7D7F-4969-AA2A-681171E2F4A9}.Release|Any CPU.ActiveCfg = Release|Any CPU
		{8A78A0F5-7D7F-4969-AA2A-681171E2F4A9}.Release|Any CPU.Build.0 = Release|Any CPU
		{F4436AF2-2D2A-4044-A860-1AAC82186CF0}.Debug|Any CPU.ActiveCfg = Debug|Any CPU
		{F4436AF2-2D2A-4044-A860-1AAC82186CF0}.Debug|Any CPU.Build.0 = Debug|Any CPU
		{F4436AF2-2D2A-4044-A860-1AAC82186CF0}.Release|Any CPU.ActiveCfg = Release|Any CPU
		{F4436AF2-2D2A-4044-A860-1AAC82186CF0}.Release|Any CPU.Build.0 = Release|Any CPU
		{31BDA6C2-425C-48CB-B67E-C83BD362B4CE}.Debug|Any CPU.ActiveCfg = Debug|Any CPU
		{31BDA6C2-425C-48CB-B67E-C83BD362B4CE}.Debug|Any CPU.Build.0 = Debug|Any CPU
		{31BDA6C2-425C-48CB-B67E-C83BD362B4CE}.Release|Any CPU.ActiveCfg = Release|Any CPU
		{31BDA6C2-425C-48CB-B67E-C83BD362B4CE}.Release|Any CPU.Build.0 = Release|Any CPU
	EndGlobalSection
	GlobalSection(SolutionProperties) = preSolution
		HideSolutionNode = FALSE
	EndGlobalSection
	GlobalSection(ExtensibilityGlobals) = postSolution
		SolutionGuid = {68561209-275A-496F-B3A8-DD88C46C948B}
	EndGlobalSection
EndGlobal
